
Microsoft Visual Studio Solution File, Format Version 12.00
# Visual Studio Version 16
VisualStudioVersion = 16.0.29306.81
MinimumVisualStudioVersion = 10.0.40219.1
Project("{FAE04EC0-301F-11D3-BF4B-00C04F79EFBC}") = "TMCWorkbench", "TMCWorkbench\TMCWorkbench.csproj", "{D8B6C71A-1E77-4985-A9CB-A9F08100F5F8}"
EndProject
Project("{9A19103F-16F7-4668-BE54-9A1E7A4F7556}") = "ModLibrary", "..\ModLibrary\ModLibrary\ModLibrary.csproj", "{5BC63CD2-09AF-41B7-AE3C-07EFCF27A2C4}"
EndProject
Project("{FAE04EC0-301F-11D3-BF4B-00C04F79EFBC}") = "TMCDatabase", "TMCDatabase\TMCDatabase.csproj", "{737EFC1D-65FB-4E7B-873A-0CAB84F8776D}"
EndProject
Global
	GlobalSection(SolutionConfigurationPlatforms) = preSolution
		Debug|Any CPU = Debug|Any CPU
		Release|Any CPU = Release|Any CPU
	EndGlobalSection
	GlobalSection(ProjectConfigurationPlatforms) = postSolution
		{D8B6C71A-1E77-4985-A9CB-A9F08100F5F8}.Debug|Any CPU.ActiveCfg = Debug|Any CPU
		{D8B6C71A-1E77-4985-A9CB-A9F08100F5F8}.Debug|Any CPU.Build.0 = Debug|Any CPU
		{D8B6C71A-1E77-4985-A9CB-A9F08100F5F8}.Release|Any CPU.ActiveCfg = Release|Any CPU
		{D8B6C71A-1E77-4985-A9CB-A9F08100F5F8}.Release|Any CPU.Build.0 = Release|Any CPU
		{5BC63CD2-09AF-41B7-AE3C-07EFCF27A2C4}.Debug|Any CPU.ActiveCfg = Debug|Any CPU
		{5BC63CD2-09AF-41B7-AE3C-07EFCF27A2C4}.Debug|Any CPU.Build.0 = Debug|Any CPU
		{5BC63CD2-09AF-41B7-AE3C-07EFCF27A2C4}.Release|Any CPU.ActiveCfg = Release|Any CPU
		{5BC63CD2-09AF-41B7-AE3C-07EFCF27A2C4}.Release|Any CPU.Build.0 = Release|Any CPU
		{737EFC1D-65FB-4E7B-873A-0CAB84F8776D}.Debug|Any CPU.ActiveCfg = Debug|Any CPU
		{737EFC1D-65FB-4E7B-873A-0CAB84F8776D}.Debug|Any CPU.Build.0 = Debug|Any CPU
		{737EFC1D-65FB-4E7B-873A-0CAB84F8776D}.Release|Any CPU.ActiveCfg = Release|Any CPU
		{737EFC1D-65FB-4E7B-873A-0CAB84F8776D}.Release|Any CPU.Build.0 = Release|Any CPU
	EndGlobalSection
	GlobalSection(SolutionProperties) = preSolution
		HideSolutionNode = FALSE
	EndGlobalSection
	GlobalSection(ExtensibilityGlobals) = postSolution
		SolutionGuid = {30DF0D87-7908-4F83-AE49-5DB2B1204471}
	EndGlobalSection
EndGlobal
